
Microsoft Visual Studio Solution File, Format Version 12.00
# Visual Studio Version 16
VisualStudioVersion = 16.0.33214.272
MinimumVisualStudioVersion = 10.0.40219.1
Project("{FAE04EC0-301F-11D3-BF4B-00C04F79EFBC}") = "sagadeiPR2", "sagadeiPR2.csproj", "{B95F58AE-6E51-4138-BD03-D55C59B9C1B8}"
EndProject
Global
	GlobalSection(SolutionConfigurationPlatforms) = preSolution
		Debug|Any CPU = Debug|Any CPU
		Release|Any CPU = Release|Any CPU
	EndGlobalSection
	GlobalSection(ProjectConfigurationPlatforms) = postSolution
		{B95F58AE-6E51-4138-BD03-D55C59B9C1B8}.Debug|Any CPU.ActiveCfg = Debug|Any CPU
		{B95F58AE-6E51-4138-BD03-D55C59B9C1B8}.Debug|Any CPU.Build.0 = Debug|Any CPU
		{B95F58AE-6E51-4138-BD03-D55C59B9C1B8}.Release|Any CPU.ActiveCfg = Release|Any CPU
		{B95F58AE-6E51-4138-BD03-D55C59B9C1B8}.Release|Any CPU.Build.0 = Release|Any CPU
	EndGlobalSection
	GlobalSection(SolutionProperties) = preSolution
		HideSolutionNode = FALSE
	EndGlobalSection
	GlobalSection(ExtensibilityGlobals) = postSolution
		SolutionGuid = {8FC7A250-663A-40BE-BC6A-750094702843}
	EndGlobalSection
EndGlobal
